{
  "lib/forge-std": {
    "rev": "17a9b2398a7d629931dc66a168a098d051d53dc6"
  },
  "lib/openzeppelin-contracts-upgradeable": {
    "tag": {
      "name": "v5.4.0",
      "rev": "e725abddf1e01cf05ace496e950fc8e243cc7cab"
    }
  },
  "lib/openzeppelin-foundry-upgrades": {
    "tag": {
      "name": "v0.4.0",
      "rev": "cbce1e00305e943aa1661d43f41e5ac72c662b07"
    }
  },
  "lib/poseidon-solidity": {
    "rev": "8205c97ec4a35a9adb854b70b2c9ba92668d1304"
  },
  "lib/world-id-protocol": {
    "rev": "7728889394db47079988d9d34dfa15c84a2106ef"
  }
}